
Microsoft Visual Studio Solution File, Format Version 12.00
# Visual Studio 14
VisualStudioVersion = 14.0.22823.1
MinimumVisualStudioVersion = 10.0.40219.1
Project("{2150E333-8FDC-42A3-9474-1A3956D46DE8}") = "src", "src", "{2FEBCF75-289D-4B75-93B3-0C26639545EC}"
EndProject
Project("{2150E333-8FDC-42A3-9474-1A3956D46DE8}") = "Solution Items", "Solution Items", "{9EC466DF-4F2D-4FFD-9328-5DCADFB9F5B7}"
	ProjectSection(SolutionItems) = preProject
		global.json = global.json
	EndProjectSection
EndProject
Project("{8BB2217D-0F2D-49D1-97BC-3654ED321F3B}") = "pls", "src\pls\pls.xproj", "{8B510BAA-C0FB-4456-866E-7594048F35C0}"
EndProject
Global
	GlobalSection(SolutionConfigurationPlatforms) = preSolution
		Debug|Any CPU = Debug|Any CPU
		Release|Any CPU = Release|Any CPU
	EndGlobalSection
	GlobalSection(ProjectConfigurationPlatforms) = postSolution
		{8B510BAA-C0FB-4456-866E-7594048F35C0}.Debug|Any CPU.ActiveCfg = Debug|Any CPU
		{8B510BAA-C0FB-4456-866E-7594048F35C0}.Debug|Any CPU.Build.0 = Debug|Any CPU
		{8B510BAA-C0FB-4456-866E-7594048F35C0}.Release|Any CPU.ActiveCfg = Release|Any CPU
		{8B510BAA-C0FB-4456-866E-7594048F35C0}.Release|Any CPU.Build.0 = Release|Any CPU
	EndGlobalSection
	GlobalSection(SolutionProperties) = preSolution
		HideSolutionNode = FALSE
	EndGlobalSection
	GlobalSection(NestedProjects) = preSolution
		{8B510BAA-C0FB-4456-866E-7594048F35C0} = {2FEBCF75-289D-4B75-93B3-0C26639545EC}
	EndGlobalSection
EndGlobal
